// !$*UTF8*$!
{
	archiveVersion = 1;
	classes = {
	};
	objectVersion = 60;
	objects = {

/* Begin PBXBuildFile section */
		20CF73AA2C67351D00B3F470 /* IngredientDummyData.swift in Sources */ = {isa = PBXBuildFile; fileRef = 20CF73A22C67351D00B3F470 /* IngredientDummyData.swift */; };
		20CF73AB2C67351D00B3F470 /* IngredientModel.swift in Sources */ = {isa = PBXBuildFile; fileRef = 20CF73A32C67351D00B3F470 /* IngredientModel.swift */; };
		20CF73AC2C67351D00B3F470 /* IngredientResultView.swift in Sources */ = {isa = PBXBuildFile; fileRef = 20CF73A52C67351D00B3F470 /* IngredientResultView.swift */; };
		20CF73AD2C67351D00B3F470 /* IngredientResultViewModel.swift in Sources */ = {isa = PBXBuildFile; fileRef = 20CF73A72C67351D00B3F470 /* IngredientResultViewModel.swift */; };
		20CF73C42C6762C600B3F470 /* BabyLottie.json in Resources */ = {isa = PBXBuildFile; fileRef = 20CF73BD2C6762C600B3F470 /* BabyLottie.json */; };
		20CF73C52C6762C600B3F470 /* DropDownView.swift in Sources */ = {isa = PBXBuildFile; fileRef = 20CF73BE2C6762C600B3F470 /* DropDownView.swift */; };
		20CF73C62C6762C600B3F470 /* EnterInfoView.swift in Sources */ = {isa = PBXBuildFile; fileRef = 20CF73C02C6762C600B3F470 /* EnterInfoView.swift */; };
		20CF73C72C6762C600B3F470 /* OnboardingWelcomeView.swift in Sources */ = {isa = PBXBuildFile; fileRef = 20CF73C12C6762C600B3F470 /* OnboardingWelcomeView.swift */; };
		20CF73C82C6762C600B3F470 /* RootOnboardingView.swift in Sources */ = {isa = PBXBuildFile; fileRef = 20CF73C22C6762C600B3F470 /* RootOnboardingView.swift */; };
		20CF73CC2C67639600B3F470 /* Lottie in Frameworks */ = {isa = PBXBuildFile; productRef = 20CF73CB2C67639600B3F470 /* Lottie */; };
		FF46D1592C66D117007BEA21 /* MommyApp.swift in Sources */ = {isa = PBXBuildFile; fileRef = FF46D1582C66D117007BEA21 /* MommyApp.swift */; };
		FF46D15B2C66D117007BEA21 /* ContentView.swift in Sources */ = {isa = PBXBuildFile; fileRef = FF46D15A2C66D117007BEA21 /* ContentView.swift */; };
		FF46D15D2C66D117007BEA21 /* Item.swift in Sources */ = {isa = PBXBuildFile; fileRef = FF46D15C2C66D117007BEA21 /* Item.swift */; };
		FF46D15F2C66D119007BEA21 /* Assets.xcassets in Resources */ = {isa = PBXBuildFile; fileRef = FF46D15E2C66D119007BEA21 /* Assets.xcassets */; };
		FF46D1622C66D119007BEA21 /* Preview Assets.xcassets in Resources */ = {isa = PBXBuildFile; fileRef = FF46D1612C66D119007BEA21 /* Preview Assets.xcassets */; };
		FF46D1772C671062007BEA21 /* ScanView.swift in Sources */ = {isa = PBXBuildFile; fileRef = FF46D1762C67105D007BEA21 /* ScanView.swift */; };
		FF46D17A2C6732BB007BEA21 /* CaptureCameraViewModel.swift in Sources */ = {isa = PBXBuildFile; fileRef = FF46D1792C6732BA007BEA21 /* CaptureCameraViewModel.swift */; };
		FF46D17C2C673740007BEA21 /* CheckFoodAPIRequest.swift in Sources */ = {isa = PBXBuildFile; fileRef = FF46D17B2C673724007BEA21 /* CheckFoodAPIRequest.swift */; };
		FF46D1802C673CC5007BEA21 /* APIRequestHelper.swift in Sources */ = {isa = PBXBuildFile; fileRef = FF46D17F2C673CC4007BEA21 /* APIRequestHelper.swift */; };
		FF46D1832C67404E007BEA21 /* Router.swift in Sources */ = {isa = PBXBuildFile; fileRef = FF46D1822C674047007BEA21 /* Router.swift */; };
		FF46D1852C6746BF007BEA21 /* CapturePreview.swift in Sources */ = {isa = PBXBuildFile; fileRef = FF46D1842C6746BE007BEA21 /* CapturePreview.swift */; };
		FF46D1882C674765007BEA21 /* UIScreen+.swift in Sources */ = {isa = PBXBuildFile; fileRef = FF46D1872C67475D007BEA21 /* UIScreen+.swift */; };
		FF46D18A2C674989007BEA21 /* UIColor+.swift in Sources */ = {isa = PBXBuildFile; fileRef = FF46D1892C674986007BEA21 /* UIColor+.swift */; };
		FF46D18E2C674C84007BEA21 /* HomeView.swift in Sources */ = {isa = PBXBuildFile; fileRef = FF46D18D2C674C82007BEA21 /* HomeView.swift */; };
/* End PBXBuildFile section */

/* Begin PBXFileReference section */
		20CF73A22C67351D00B3F470 /* IngredientDummyData.swift */ = {isa = PBXFileReference; fileEncoding = 4; lastKnownFileType = sourcecode.swift; path = IngredientDummyData.swift; sourceTree = "<group>"; };
		20CF73A32C67351D00B3F470 /* IngredientModel.swift */ = {isa = PBXFileReference; fileEncoding = 4; lastKnownFileType = sourcecode.swift; path = IngredientModel.swift; sourceTree = "<group>"; };
		20CF73A52C67351D00B3F470 /* IngredientResultView.swift */ = {isa = PBXFileReference; fileEncoding = 4; lastKnownFileType = sourcecode.swift; path = IngredientResultView.swift; sourceTree = "<group>"; };
		20CF73A72C67351D00B3F470 /* IngredientResultViewModel.swift */ = {isa = PBXFileReference; fileEncoding = 4; lastKnownFileType = sourcecode.swift; path = IngredientResultViewModel.swift; sourceTree = "<group>"; };
		20CF73BD2C6762C600B3F470 /* BabyLottie.json */ = {isa = PBXFileReference; fileEncoding = 4; lastKnownFileType = text.json; path = BabyLottie.json; sourceTree = "<group>"; };
		20CF73BE2C6762C600B3F470 /* DropDownView.swift */ = {isa = PBXFileReference; fileEncoding = 4; lastKnownFileType = sourcecode.swift; path = DropDownView.swift; sourceTree = "<group>"; };
		20CF73C02C6762C600B3F470 /* EnterInfoView.swift */ = {isa = PBXFileReference; fileEncoding = 4; lastKnownFileType = sourcecode.swift; path = EnterInfoView.swift; sourceTree = "<group>"; };
		20CF73C12C6762C600B3F470 /* OnboardingWelcomeView.swift */ = {isa = PBXFileReference; fileEncoding = 4; lastKnownFileType = sourcecode.swift; path = OnboardingWelcomeView.swift; sourceTree = "<group>"; };
		20CF73C22C6762C600B3F470 /* RootOnboardingView.swift */ = {isa = PBXFileReference; fileEncoding = 4; lastKnownFileType = sourcecode.swift; path = RootOnboardingView.swift; sourceTree = "<group>"; };
		FF46D1552C66D117007BEA21 /* Mommy.app */ = {isa = PBXFileReference; explicitFileType = wrapper.application; includeInIndex = 0; path = Mommy.app; sourceTree = BUILT_PRODUCTS_DIR; };
		FF46D1582C66D117007BEA21 /* MommyApp.swift */ = {isa = PBXFileReference; lastKnownFileType = sourcecode.swift; path = MommyApp.swift; sourceTree = "<group>"; };
		FF46D15A2C66D117007BEA21 /* ContentView.swift */ = {isa = PBXFileReference; lastKnownFileType = sourcecode.swift; path = ContentView.swift; sourceTree = "<group>"; };
		FF46D15C2C66D117007BEA21 /* Item.swift */ = {isa = PBXFileReference; lastKnownFileType = sourcecode.swift; path = Item.swift; sourceTree = "<group>"; };
		FF46D15E2C66D119007BEA21 /* Assets.xcassets */ = {isa = PBXFileReference; lastKnownFileType = folder.assetcatalog; path = Assets.xcassets; sourceTree = "<group>"; };
		FF46D1612C66D119007BEA21 /* Preview Assets.xcassets */ = {isa = PBXFileReference; lastKnownFileType = folder.assetcatalog; path = "Preview Assets.xcassets"; sourceTree = "<group>"; };
		FF46D1762C67105D007BEA21 /* ScanView.swift */ = {isa = PBXFileReference; lastKnownFileType = sourcecode.swift; path = ScanView.swift; sourceTree = "<group>"; };
		FF46D1792C6732BA007BEA21 /* CaptureCameraViewModel.swift */ = {isa = PBXFileReference; lastKnownFileType = sourcecode.swift; path = CaptureCameraViewModel.swift; sourceTree = "<group>"; };
		FF46D17B2C673724007BEA21 /* CheckFoodAPIRequest.swift */ = {isa = PBXFileReference; lastKnownFileType = sourcecode.swift; path = CheckFoodAPIRequest.swift; sourceTree = "<group>"; };
		FF46D17F2C673CC4007BEA21 /* APIRequestHelper.swift */ = {isa = PBXFileReference; lastKnownFileType = sourcecode.swift; path = APIRequestHelper.swift; sourceTree = "<group>"; };
		FF46D1822C674047007BEA21 /* Router.swift */ = {isa = PBXFileReference; lastKnownFileType = sourcecode.swift; path = Router.swift; sourceTree = "<group>"; };
		FF46D1842C6746BE007BEA21 /* CapturePreview.swift */ = {isa = PBXFileReference; lastKnownFileType = sourcecode.swift; path = CapturePreview.swift; sourceTree = "<group>"; };
		FF46D1872C67475D007BEA21 /* UIScreen+.swift */ = {isa = PBXFileReference; lastKnownFileType = sourcecode.swift; path = "UIScreen+.swift"; sourceTree = "<group>"; };
		FF46D1892C674986007BEA21 /* UIColor+.swift */ = {isa = PBXFileReference; lastKnownFileType = sourcecode.swift; path = "UIColor+.swift"; sourceTree = "<group>"; };
		FF46D18D2C674C82007BEA21 /* HomeView.swift */ = {isa = PBXFileReference; lastKnownFileType = sourcecode.swift; path = HomeView.swift; sourceTree = "<group>"; };
/* End PBXFileReference section */

/* Begin PBXFrameworksBuildPhase section */
		FF46D1522C66D117007BEA21 /* Frameworks */ = {
			isa = PBXFrameworksBuildPhase;
			buildActionMask = 2147483647;
			files = (
				20CF73CC2C67639600B3F470 /* Lottie in Frameworks */,
			);
			runOnlyForDeploymentPostprocessing = 0;
		};
/* End PBXFrameworksBuildPhase section */

/* Begin PBXGroup section */
		20CF73A42C67351D00B3F470 /* Model */ = {
			isa = PBXGroup;
			children = (
				20CF73A22C67351D00B3F470 /* IngredientDummyData.swift */,
				20CF73A32C67351D00B3F470 /* IngredientModel.swift */,
			);
			path = Model;
			sourceTree = "<group>";
		};
		20CF73A62C67351D00B3F470 /* View */ = {
			isa = PBXGroup;
			children = (
				20CF73A52C67351D00B3F470 /* IngredientResultView.swift */,
			);
			path = View;
			sourceTree = "<group>";
		};
		20CF73A82C67351D00B3F470 /* ViewModel */ = {
			isa = PBXGroup;
			children = (
				20CF73A72C67351D00B3F470 /* IngredientResultViewModel.swift */,
			);
			path = ViewModel;
			sourceTree = "<group>";
		};
		20CF73A92C67351D00B3F470 /* Results */ = {
			isa = PBXGroup;
			children = (
				20CF73A42C67351D00B3F470 /* Model */,
				20CF73A62C67351D00B3F470 /* View */,
				20CF73A82C67351D00B3F470 /* ViewModel */,
			);
			path = Results;
			sourceTree = "<group>";
		};
		20CF73BF2C6762C600B3F470 /* Components */ = {
			isa = PBXGroup;
			children = (
				20CF73BD2C6762C600B3F470 /* BabyLottie.json */,
				20CF73BE2C6762C600B3F470 /* DropDownView.swift */,
			);
			path = Components;
			sourceTree = "<group>";
		};
		20CF73C32C6762C600B3F470 /* Onboarding */ = {
			isa = PBXGroup;
			children = (
				20CF73C92C6762D100B3F470 /* View */,
				20CF73BF2C6762C600B3F470 /* Components */,
			);
			path = Onboarding;
			sourceTree = "<group>";
		};
		20CF73C92C6762D100B3F470 /* View */ = {
			isa = PBXGroup;
			children = (
				20CF73C02C6762C600B3F470 /* EnterInfoView.swift */,
				20CF73C12C6762C600B3F470 /* OnboardingWelcomeView.swift */,
				20CF73C22C6762C600B3F470 /* RootOnboardingView.swift */,
			);
			path = View;
			sourceTree = "<group>";
		};
		FF46D14C2C66D117007BEA21 = {
			isa = PBXGroup;
			children = (
				FF46D1572C66D117007BEA21 /* Mommy */,
				FF46D1562C66D117007BEA21 /* Products */,
			);
			sourceTree = "<group>";
		};
		FF46D1562C66D117007BEA21 /* Products */ = {
			isa = PBXGroup;
			children = (
				FF46D1552C66D117007BEA21 /* Mommy.app */,
			);
			name = Products;
			sourceTree = "<group>";
		};
		FF46D1572C66D117007BEA21 /* Mommy */ = {
			isa = PBXGroup;
			children = (
				20CF73C32C6762C600B3F470 /* Onboarding */,
				FF46D18B2C674C62007BEA21 /* Home */,
				FF46D1862C67474E007BEA21 /* Helper */,
				FF46D1822C674047007BEA21 /* Router.swift */,
				FF46D17D2C6737BF007BEA21 /* Scan */,
				20CF73A92C67351D00B3F470 /* Results */,
				FF46D1582C66D117007BEA21 /* MommyApp.swift */,
				FF46D15A2C66D117007BEA21 /* ContentView.swift */,
				FF46D15C2C66D117007BEA21 /* Item.swift */,
				FF46D15E2C66D119007BEA21 /* Assets.xcassets */,
				FF46D1602C66D119007BEA21 /* Preview Content */,
			);
			path = Mommy;
			sourceTree = "<group>";
		};
		FF46D1602C66D119007BEA21 /* Preview Content */ = {
			isa = PBXGroup;
			children = (
				FF46D1612C66D119007BEA21 /* Preview Assets.xcassets */,
			);
			path = "Preview Content";
			sourceTree = "<group>";
		};
		FF46D1682C66D40F007BEA21 /* Views */ = {
			isa = PBXGroup;
			children = (
				FF46D1842C6746BE007BEA21 /* CapturePreview.swift */,
				FF46D1762C67105D007BEA21 /* ScanView.swift */,
			);
			path = Views;
			sourceTree = "<group>";
		};
		FF46D1782C6732AD007BEA21 /* ViewModels */ = {
			isa = PBXGroup;
			children = (
				FF46D1792C6732BA007BEA21 /* CaptureCameraViewModel.swift */,
			);
			path = ViewModels;
			sourceTree = "<group>";
		};
		FF46D17D2C6737BF007BEA21 /* Scan */ = {
			isa = PBXGroup;
			children = (
				FF46D17E2C6737D8007BEA21 /* Requests */,
				FF46D1782C6732AD007BEA21 /* ViewModels */,
				FF46D1682C66D40F007BEA21 /* Views */,
			);
			path = Scan;
			sourceTree = "<group>";
		};
		FF46D17E2C6737D8007BEA21 /* Requests */ = {
			isa = PBXGroup;
			children = (
				FF46D17F2C673CC4007BEA21 /* APIRequestHelper.swift */,
				FF46D17B2C673724007BEA21 /* CheckFoodAPIRequest.swift */,
			);
			path = Requests;
			sourceTree = "<group>";
		};
		FF46D1862C67474E007BEA21 /* Helper */ = {
			isa = PBXGroup;
			children = (
				FF46D1892C674986007BEA21 /* UIColor+.swift */,
				FF46D1872C67475D007BEA21 /* UIScreen+.swift */,
			);
			path = Helper;
			sourceTree = "<group>";
		};
		FF46D18B2C674C62007BEA21 /* Home */ = {
			isa = PBXGroup;
			children = (
				FF46D18C2C674C75007BEA21 /* Views */,
			);
			path = Home;
			sourceTree = "<group>";
		};
		FF46D18C2C674C75007BEA21 /* Views */ = {
			isa = PBXGroup;
			children = (
				FF46D18D2C674C82007BEA21 /* HomeView.swift */,
			);
			path = Views;
			sourceTree = "<group>";
		};
/* End PBXGroup section */

/* Begin PBXNativeTarget section */
		FF46D1542C66D117007BEA21 /* Mommy */ = {
			isa = PBXNativeTarget;
			buildConfigurationList = FF46D1652C66D119007BEA21 /* Build configuration list for PBXNativeTarget "Mommy" */;
			buildPhases = (
				FF46D1512C66D117007BEA21 /* Sources */,
				FF46D1522C66D117007BEA21 /* Frameworks */,
				FF46D1532C66D117007BEA21 /* Resources */,
			);
			buildRules = (
			);
			dependencies = (
			);
			name = Mommy;
			packageProductDependencies = (
				20CF73CB2C67639600B3F470 /* Lottie */,
			);
			productName = Mommy;
			productReference = FF46D1552C66D117007BEA21 /* Mommy.app */;
			productType = "com.apple.product-type.application";
		};
/* End PBXNativeTarget section */

/* Begin PBXProject section */
		FF46D14D2C66D117007BEA21 /* Project object */ = {
			isa = PBXProject;
			attributes = {
				BuildIndependentTargetsInParallel = 1;
				LastSwiftUpdateCheck = 1600;
				LastUpgradeCheck = 1600;
				TargetAttributes = {
					FF46D1542C66D117007BEA21 = {
						CreatedOnToolsVersion = 16.0;
					};
				};
			};
			buildConfigurationList = FF46D1502C66D117007BEA21 /* Build configuration list for PBXProject "Mommy" */;
			compatibilityVersion = "Xcode 15.0";
			developmentRegion = en;
			hasScannedForEncodings = 0;
			knownRegions = (
				en,
				Base,
			);
			mainGroup = FF46D14C2C66D117007BEA21;
			packageReferences = (
				20CF73CA2C67639600B3F470 /* XCRemoteSwiftPackageReference "lottie-ios" */,
			);
			productRefGroup = FF46D1562C66D117007BEA21 /* Products */;
			projectDirPath = "";
			projectRoot = "";
			targets = (
				FF46D1542C66D117007BEA21 /* Mommy */,
			);
		};
/* End PBXProject section */

/* Begin PBXResourcesBuildPhase section */
		FF46D1532C66D117007BEA21 /* Resources */ = {
			isa = PBXResourcesBuildPhase;
			buildActionMask = 2147483647;
			files = (
				FF46D1622C66D119007BEA21 /* Preview Assets.xcassets in Resources */,
				20CF73C42C6762C600B3F470 /* BabyLottie.json in Resources */,
				FF46D15F2C66D119007BEA21 /* Assets.xcassets in Resources */,
			);
			runOnlyForDeploymentPostprocessing = 0;
		};
/* End PBXResourcesBuildPhase section */

/* Begin PBXSourcesBuildPhase section */
		FF46D1512C66D117007BEA21 /* Sources */ = {
			isa = PBXSourcesBuildPhase;
			buildActionMask = 2147483647;
			files = (
				20CF73AC2C67351D00B3F470 /* IngredientResultView.swift in Sources */,
				FF46D17C2C673740007BEA21 /* CheckFoodAPIRequest.swift in Sources */,
				20CF73AB2C67351D00B3F470 /* IngredientModel.swift in Sources */,
				FF46D17A2C6732BB007BEA21 /* CaptureCameraViewModel.swift in Sources */,
				FF46D1852C6746BF007BEA21 /* CapturePreview.swift in Sources */,
				FF46D1832C67404E007BEA21 /* Router.swift in Sources */,
				20CF73C52C6762C600B3F470 /* DropDownView.swift in Sources */,
				FF46D1772C671062007BEA21 /* ScanView.swift in Sources */,
				FF46D15B2C66D117007BEA21 /* ContentView.swift in Sources */,
				FF46D1802C673CC5007BEA21 /* APIRequestHelper.swift in Sources */,
				FF46D1882C674765007BEA21 /* UIScreen+.swift in Sources */,
				20CF73AA2C67351D00B3F470 /* IngredientDummyData.swift in Sources */,
				20CF73AD2C67351D00B3F470 /* IngredientResultViewModel.swift in Sources */,
				20CF73C82C6762C600B3F470 /* RootOnboardingView.swift in Sources */,
				20CF73C72C6762C600B3F470 /* OnboardingWelcomeView.swift in Sources */,
				20CF73C62C6762C600B3F470 /* EnterInfoView.swift in Sources */,
				FF46D15D2C66D117007BEA21 /* Item.swift in Sources */,
				FF46D18E2C674C84007BEA21 /* HomeView.swift in Sources */,
				FF46D1592C66D117007BEA21 /* MommyApp.swift in Sources */,
				FF46D18A2C674989007BEA21 /* UIColor+.swift in Sources */,
			);
			runOnlyForDeploymentPostprocessing = 0;
		};
/* End PBXSourcesBuildPhase section */

/* Begin XCBuildConfiguration section */
		FF46D1632C66D119007BEA21 /* Debug */ = {
			isa = XCBuildConfiguration;
			buildSettings = {
				ALWAYS_SEARCH_USER_PATHS = NO;
				ASSETCATALOG_COMPILER_GENERATE_SWIFT_ASSET_SYMBOL_EXTENSIONS = YES;
				CLANG_ANALYZER_NONNULL = YES;
				CLANG_ANALYZER_NUMBER_OBJECT_CONVERSION = YES_AGGRESSIVE;
				CLANG_CXX_LANGUAGE_STANDARD = "gnu++20";
				CLANG_ENABLE_MODULES = YES;
				CLANG_ENABLE_OBJC_ARC = YES;
				CLANG_ENABLE_OBJC_WEAK = YES;
				CLANG_WARN_BLOCK_CAPTURE_AUTORELEASING = YES;
				CLANG_WARN_BOOL_CONVERSION = YES;
				CLANG_WARN_COMMA = YES;
				CLANG_WARN_CONSTANT_CONVERSION = YES;
				CLANG_WARN_DEPRECATED_OBJC_IMPLEMENTATIONS = YES;
				CLANG_WARN_DIRECT_OBJC_ISA_USAGE = YES_ERROR;
				CLANG_WARN_DOCUMENTATION_COMMENTS = YES;
				CLANG_WARN_EMPTY_BODY = YES;
				CLANG_WARN_ENUM_CONVERSION = YES;
				CLANG_WARN_INFINITE_RECURSION = YES;
				CLANG_WARN_INT_CONVERSION = YES;
				CLANG_WARN_NON_LITERAL_NULL_CONVERSION = YES;
				CLANG_WARN_OBJC_IMPLICIT_RETAIN_SELF = YES;
				CLANG_WARN_OBJC_LITERAL_CONVERSION = YES;
				CLANG_WARN_OBJC_ROOT_CLASS = YES_ERROR;
				CLANG_WARN_QUOTED_INCLUDE_IN_FRAMEWORK_HEADER = YES;
				CLANG_WARN_RANGE_LOOP_ANALYSIS = YES;
				CLANG_WARN_STRICT_PROTOTYPES = YES;
				CLANG_WARN_SUSPICIOUS_MOVE = YES;
				CLANG_WARN_UNGUARDED_AVAILABILITY = YES_AGGRESSIVE;
				CLANG_WARN_UNREACHABLE_CODE = YES;
				CLANG_WARN__DUPLICATE_METHOD_MATCH = YES;
				COPY_PHASE_STRIP = NO;
				DEBUG_INFORMATION_FORMAT = dwarf;
				ENABLE_STRICT_OBJC_MSGSEND = YES;
				ENABLE_TESTABILITY = YES;
				ENABLE_USER_SCRIPT_SANDBOXING = YES;
				GCC_C_LANGUAGE_STANDARD = gnu17;
				GCC_DYNAMIC_NO_PIC = NO;
				GCC_NO_COMMON_BLOCKS = YES;
				GCC_OPTIMIZATION_LEVEL = 0;
				GCC_PREPROCESSOR_DEFINITIONS = (
					"DEBUG=1",
					"$(inherited)",
				);
				GCC_WARN_64_TO_32_BIT_CONVERSION = YES;
				GCC_WARN_ABOUT_RETURN_TYPE = YES_ERROR;
				GCC_WARN_UNDECLARED_SELECTOR = YES;
				GCC_WARN_UNINITIALIZED_AUTOS = YES_AGGRESSIVE;
				GCC_WARN_UNUSED_FUNCTION = YES;
				GCC_WARN_UNUSED_VARIABLE = YES;
				IPHONEOS_DEPLOYMENT_TARGET = 18.0;
				LOCALIZATION_PREFERS_STRING_CATALOGS = YES;
				MTL_ENABLE_DEBUG_INFO = INCLUDE_SOURCE;
				MTL_FAST_MATH = YES;
				ONLY_ACTIVE_ARCH = YES;
				SDKROOT = iphoneos;
				SWIFT_ACTIVE_COMPILATION_CONDITIONS = "DEBUG $(inherited)";
				SWIFT_OPTIMIZATION_LEVEL = "-Onone";
			};
			name = Debug;
		};
		FF46D1642C66D119007BEA21 /* Release */ = {
			isa = XCBuildConfiguration;
			buildSettings = {
				ALWAYS_SEARCH_USER_PATHS = NO;
				ASSETCATALOG_COMPILER_GENERATE_SWIFT_ASSET_SYMBOL_EXTENSIONS = YES;
				CLANG_ANALYZER_NONNULL = YES;
				CLANG_ANALYZER_NUMBER_OBJECT_CONVERSION = YES_AGGRESSIVE;
				CLANG_CXX_LANGUAGE_STANDARD = "gnu++20";
				CLANG_ENABLE_MODULES = YES;
				CLANG_ENABLE_OBJC_ARC = YES;
				CLANG_ENABLE_OBJC_WEAK = YES;
				CLANG_WARN_BLOCK_CAPTURE_AUTORELEASING = YES;
				CLANG_WARN_BOOL_CONVERSION = YES;
				CLANG_WARN_COMMA = YES;
				CLANG_WARN_CONSTANT_CONVERSION = YES;
				CLANG_WARN_DEPRECATED_OBJC_IMPLEMENTATIONS = YES;
				CLANG_WARN_DIRECT_OBJC_ISA_USAGE = YES_ERROR;
				CLANG_WARN_DOCUMENTATION_COMMENTS = YES;
				CLANG_WARN_EMPTY_BODY = YES;
				CLANG_WARN_ENUM_CONVERSION = YES;
				CLANG_WARN_INFINITE_RECURSION = YES;
				CLANG_WARN_INT_CONVERSION = YES;
				CLANG_WARN_NON_LITERAL_NULL_CONVERSION = YES;
				CLANG_WARN_OBJC_IMPLICIT_RETAIN_SELF = YES;
				CLANG_WARN_OBJC_LITERAL_CONVERSION = YES;
				CLANG_WARN_OBJC_ROOT_CLASS = YES_ERROR;
				CLANG_WARN_QUOTED_INCLUDE_IN_FRAMEWORK_HEADER = YES;
				CLANG_WARN_RANGE_LOOP_ANALYSIS = YES;
				CLANG_WARN_STRICT_PROTOTYPES = YES;
				CLANG_WARN_SUSPICIOUS_MOVE = YES;
				CLANG_WARN_UNGUARDED_AVAILABILITY = YES_AGGRESSIVE;
				CLANG_WARN_UNREACHABLE_CODE = YES;
				CLANG_WARN__DUPLICATE_METHOD_MATCH = YES;
				COPY_PHASE_STRIP = NO;
				DEBUG_INFORMATION_FORMAT = "dwarf-with-dsym";
				ENABLE_NS_ASSERTIONS = NO;
				ENABLE_STRICT_OBJC_MSGSEND = YES;
				ENABLE_USER_SCRIPT_SANDBOXING = YES;
				GCC_C_LANGUAGE_STANDARD = gnu17;
				GCC_NO_COMMON_BLOCKS = YES;
				GCC_WARN_64_TO_32_BIT_CONVERSION = YES;
				GCC_WARN_ABOUT_RETURN_TYPE = YES_ERROR;
				GCC_WARN_UNDECLARED_SELECTOR = YES;
				GCC_WARN_UNINITIALIZED_AUTOS = YES_AGGRESSIVE;
				GCC_WARN_UNUSED_FUNCTION = YES;
				GCC_WARN_UNUSED_VARIABLE = YES;
				IPHONEOS_DEPLOYMENT_TARGET = 18.0;
				LOCALIZATION_PREFERS_STRING_CATALOGS = YES;
				MTL_ENABLE_DEBUG_INFO = NO;
				MTL_FAST_MATH = YES;
				SDKROOT = iphoneos;
				SWIFT_COMPILATION_MODE = wholemodule;
				VALIDATE_PRODUCT = YES;
			};
			name = Release;
		};
		FF46D1662C66D119007BEA21 /* Debug */ = {
			isa = XCBuildConfiguration;
			buildSettings = {
				ASSETCATALOG_COMPILER_APPICON_NAME = AppIcon;
				ASSETCATALOG_COMPILER_GLOBAL_ACCENT_COLOR_NAME = AccentColor;
				CODE_SIGN_STYLE = Automatic;
				CURRENT_PROJECT_VERSION = 1;
				DEVELOPMENT_ASSET_PATHS = "\"Mommy/Preview Content\"";
				DEVELOPMENT_TEAM = Y6P5ZFWBM8;
				ENABLE_PREVIEWS = YES;
				GENERATE_INFOPLIST_FILE = YES;
				INFOPLIST_KEY_NSCameraUsageDescription = "Please arrow to capture image to search item";
				INFOPLIST_KEY_UIApplicationSceneManifest_Generation = YES;
				INFOPLIST_KEY_UIApplicationSupportsIndirectInputEvents = YES;
				INFOPLIST_KEY_UILaunchScreen_Generation = YES;
				INFOPLIST_KEY_UISupportedInterfaceOrientations_iPad = "UIInterfaceOrientationPortrait UIInterfaceOrientationPortraitUpsideDown UIInterfaceOrientationLandscapeLeft UIInterfaceOrientationLandscapeRight";
				INFOPLIST_KEY_UISupportedInterfaceOrientations_iPhone = "UIInterfaceOrientationPortrait UIInterfaceOrientationLandscapeLeft UIInterfaceOrientationLandscapeRight";
				IPHONEOS_DEPLOYMENT_TARGET = 17.0;
				LD_RUNPATH_SEARCH_PATHS = (
					"$(inherited)",
					"@executable_path/Frameworks",
				);
				MARKETING_VERSION = 1.0;
				PRODUCT_BUNDLE_IDENTIFIER = com.saenuruki.Mommy;
				PRODUCT_NAME = "$(TARGET_NAME)";
				SWIFT_EMIT_LOC_STRINGS = YES;
				SWIFT_VERSION = 5.0;
				TARGETED_DEVICE_FAMILY = "1,2";
			};
			name = Debug;
		};
		FF46D1672C66D119007BEA21 /* Release */ = {
			isa = XCBuildConfiguration;
			buildSettings = {
				ASSETCATALOG_COMPILER_APPICON_NAME = AppIcon;
				ASSETCATALOG_COMPILER_GLOBAL_ACCENT_COLOR_NAME = AccentColor;
				CODE_SIGN_STYLE = Automatic;
				CURRENT_PROJECT_VERSION = 1;
				DEVELOPMENT_ASSET_PATHS = "\"Mommy/Preview Content\"";
				DEVELOPMENT_TEAM = Y6P5ZFWBM8;
				ENABLE_PREVIEWS = YES;
				GENERATE_INFOPLIST_FILE = YES;
				INFOPLIST_KEY_NSCameraUsageDescription = "Please arrow to capture image to search item";
				INFOPLIST_KEY_UIApplicationSceneManifest_Generation = YES;
				INFOPLIST_KEY_UIApplicationSupportsIndirectInputEvents = YES;
				INFOPLIST_KEY_UILaunchScreen_Generation = YES;
				INFOPLIST_KEY_UISupportedInterfaceOrientations_iPad = "UIInterfaceOrientationPortrait UIInterfaceOrientationPortraitUpsideDown UIInterfaceOrientationLandscapeLeft UIInterfaceOrientationLandscapeRight";
				INFOPLIST_KEY_UISupportedInterfaceOrientations_iPhone = "UIInterfaceOrientationPortrait UIInterfaceOrientationLandscapeLeft UIInterfaceOrientationLandscapeRight";
				IPHONEOS_DEPLOYMENT_TARGET = 17.0;
				LD_RUNPATH_SEARCH_PATHS = (
					"$(inherited)",
					"@executable_path/Frameworks",
				);
				MARKETING_VERSION = 1.0;
				PRODUCT_BUNDLE_IDENTIFIER = com.saenuruki.Mommy;
				PRODUCT_NAME = "$(TARGET_NAME)";
				SWIFT_EMIT_LOC_STRINGS = YES;
				SWIFT_VERSION = 5.0;
				TARGETED_DEVICE_FAMILY = "1,2";
			};
			name = Release;
		};
/* End XCBuildConfiguration section */

/* Begin XCConfigurationList section */
		FF46D1502C66D117007BEA21 /* Build configuration list for PBXProject "Mommy" */ = {
			isa = XCConfigurationList;
			buildConfigurations = (
				FF46D1632C66D119007BEA21 /* Debug */,
				FF46D1642C66D119007BEA21 /* Release */,
			);
			defaultConfigurationIsVisible = 0;
			defaultConfigurationName = Release;
		};
		FF46D1652C66D119007BEA21 /* Build configuration list for PBXNativeTarget "Mommy" */ = {
			isa = XCConfigurationList;
			buildConfigurations = (
				FF46D1662C66D119007BEA21 /* Debug */,
				FF46D1672C66D119007BEA21 /* Release */,
			);
			defaultConfigurationIsVisible = 0;
			defaultConfigurationName = Release;
		};
/* End XCConfigurationList section */

/* Begin XCRemoteSwiftPackageReference section */
		20CF73CA2C67639600B3F470 /* XCRemoteSwiftPackageReference "lottie-ios" */ = {
			isa = XCRemoteSwiftPackageReference;
			repositoryURL = "https://github.com/airbnb/lottie-ios.git";
			requirement = {
				kind = upToNextMajorVersion;
				minimumVersion = 4.5.0;
			};
		};
/* End XCRemoteSwiftPackageReference section */

/* Begin XCSwiftPackageProductDependency section */
		20CF73CB2C67639600B3F470 /* Lottie */ = {
			isa = XCSwiftPackageProductDependency;
			package = 20CF73CA2C67639600B3F470 /* XCRemoteSwiftPackageReference "lottie-ios" */;
			productName = Lottie;
		};
/* End XCSwiftPackageProductDependency section */
	};
	rootObject = FF46D14D2C66D117007BEA21 /* Project object */;
}
